// !$*UTF8*$!
{
	archiveVersion = 1;
	classes = {
	};
	objectVersion = 46;
	objects = {

/* Begin PBXBuildFile section */
		3F12B7F9198172FF00D964E9 /* Foundation.framework in Frameworks */ = {isa = PBXBuildFile; fileRef = 3F12B7F8198172FF00D964E9 /* Foundation.framework */; };
		3F12B7FB198172FF00D964E9 /* CoreGraphics.framework in Frameworks */ = {isa = PBXBuildFile; fileRef = 3F12B7FA198172FF00D964E9 /* CoreGraphics.framework */; };
		3F12B7FD198172FF00D964E9 /* UIKit.framework in Frameworks */ = {isa = PBXBuildFile; fileRef = 3F12B7FC198172FF00D964E9 /* UIKit.framework */; };
		3F12B803198172FF00D964E9 /* InfoPlist.strings in Resources */ = {isa = PBXBuildFile; fileRef = 3F12B801198172FF00D964E9 /* InfoPlist.strings */; };
		3F12B805198172FF00D964E9 /* main.m in Sources */ = {isa = PBXBuildFile; fileRef = 3F12B804198172FF00D964E9 /* main.m */; };
		3F12B809198172FF00D964E9 /* AppDelegate.m in Sources */ = {isa = PBXBuildFile; fileRef = 3F12B808198172FF00D964E9 /* AppDelegate.m */; };
		3F12B80C198172FF00D964E9 /* Main.storyboard in Resources */ = {isa = PBXBuildFile; fileRef = 3F12B80A198172FF00D964E9 /* Main.storyboard */; };
		3F12B80F198172FF00D964E9 /* ViewController.m in Sources */ = {isa = PBXBuildFile; fileRef = 3F12B80E198172FF00D964E9 /* ViewController.m */; };
		3F12B811198172FF00D964E9 /* Images.xcassets in Resources */ = {isa = PBXBuildFile; fileRef = 3F12B810198172FF00D964E9 /* Images.xcassets */; };
		3F12B818198172FF00D964E9 /* XCTest.framework in Frameworks */ = {isa = PBXBuildFile; fileRef = 3F12B817198172FF00D964E9 /* XCTest.framework */; };
		3F12B819198172FF00D964E9 /* Foundation.framework in Frameworks */ = {isa = PBXBuildFile; fileRef = 3F12B7F8198172FF00D964E9 /* Foundation.framework */; };
		3F12B81A198172FF00D964E9 /* UIKit.framework in Frameworks */ = {isa = PBXBuildFile; fileRef = 3F12B7FC198172FF00D964E9 /* UIKit.framework */; };
		3F12B822198172FF00D964E9 /* InfoPlist.strings in Resources */ = {isa = PBXBuildFile; fileRef = 3F12B820198172FF00D964E9 /* InfoPlist.strings */; };
		3F12B824198172FF00D964E9 /* htmlreaderTests.m in Sources */ = {isa = PBXBuildFile; fileRef = 3F12B823198172FF00D964E9 /* htmlreaderTests.m */; };
		3F12B82F19817A3300D964E9 /* htmlpage.m in Sources */ = {isa = PBXBuildFile; fileRef = 3F12B82E19817A3300D964E9 /* htmlpage.m */; };
		3FDF0D411982AE0500ECDCB9 /* htmlicon.png in Resources */ = {isa = PBXBuildFile; fileRef = 3FDF0D401982AE0500ECDCB9 /* htmlicon.png */; };
		3FDF0D431982B39800ECDCB9 /* htmlicon2.png in Resources */ = {isa = PBXBuildFile; fileRef = 3FDF0D421982B39800ECDCB9 /* htmlicon2.png */; };
		889FB3A9198AF71600D9EAFB /* delete.png in Resources */ = {isa = PBXBuildFile; fileRef = 889FB3A8198AF71600D9EAFB /* delete.png */; };
		D954AE531A2047EB00ACA3C6 /* Global.m in Sources */ = {isa = PBXBuildFile; fileRef = D954AE521A2047EB00ACA3C6 /* Global.m */; };
		D954AE571A20489C00ACA3C6 /* tableCell.xib in Resources */ = {isa = PBXBuildFile; fileRef = D954AE561A20489C00ACA3C6 /* tableCell.xib */; };
		D954AE5A1A20493E00ACA3C6 /* ViewController2.m in Sources */ = {isa = PBXBuildFile; fileRef = D954AE591A20493E00ACA3C6 /* ViewController2.m */; };
		D954AE5D1A2049A800ACA3C6 /* TableViewCell.m in Sources */ = {isa = PBXBuildFile; fileRef = D954AE5C1A2049A700ACA3C6 /* TableViewCell.m */; };
		D95EAFF119D5163300DDB648 /* Default-568h@2x.png in Resources */ = {isa = PBXBuildFile; fileRef = D95EAFF019D5163200DDB648 /* Default-568h@2x.png */; };
		D9868F561A04B63100FB7A28 /* Images.xcassets in Resources */ = {isa = PBXBuildFile; fileRef = D9868F551A04B63100FB7A28 /* Images.xcassets */; };
		D9868F581A05ADA500FB7A28 /* Social.framework in Frameworks */ = {isa = PBXBuildFile; fileRef = D9868F571A05ADA500FB7A28 /* Social.framework */; };
		D9B78C2319B562FA005DEFB1 /* iAd.framework in Frameworks */ = {isa = PBXBuildFile; fileRef = D9B78C2219B562FA005DEFB1 /* iAd.framework */; };
/* End PBXBuildFile section */

/* Begin PBXContainerItemProxy section */
		3F12B81B198172FF00D964E9 /* PBXContainerItemProxy */ = {
			isa = PBXContainerItemProxy;
			containerPortal = 3F12B7ED198172FF00D964E9 /* Project object */;
			proxyType = 1;
			remoteGlobalIDString = 3F12B7F4198172FF00D964E9;
			remoteInfo = htmlreader;
		};
/* End PBXContainerItemProxy section */

/* Begin PBXFileReference section */
		3F12B7F5198172FF00D964E9 /* HTML Makr.app */ = {isa = PBXFileReference; explicitFileType = wrapper.application; includeInIndex = 0; path = "HTML Makr.app"; sourceTree = BUILT_PRODUCTS_DIR; };
		3F12B7F8198172FF00D964E9 /* Foundation.framework */ = {isa = PBXFileReference; lastKnownFileType = wrapper.framework; name = Foundation.framework; path = System/Library/Frameworks/Foundation.framework; sourceTree = SDKROOT; };
		3F12B7FA198172FF00D964E9 /* CoreGraphics.framework */ = {isa = PBXFileReference; lastKnownFileType = wrapper.framework; name = CoreGraphics.framework; path = System/Library/Frameworks/CoreGraphics.framework; sourceTree = SDKROOT; };
		3F12B7FC198172FF00D964E9 /* UIKit.framework */ = {isa = PBXFileReference; lastKnownFileType = wrapper.framework; name = UIKit.framework; path = System/Library/Frameworks/UIKit.framework; sourceTree = SDKROOT; };
		3F12B800198172FF00D964E9 /* HTML Makr-Info.plist */ = {isa = PBXFileReference; lastKnownFileType = text.plist.xml; path = "HTML Makr-Info.plist"; sourceTree = "<group>"; };
		3F12B802198172FF00D964E9 /* en */ = {isa = PBXFileReference; lastKnownFileType = text.plist.strings; name = en; path = en.lproj/InfoPlist.strings; sourceTree = "<group>"; };
		3F12B804198172FF00D964E9 /* main.m */ = {isa = PBXFileReference; lastKnownFileType = sourcecode.c.objc; path = main.m; sourceTree = "<group>"; };
		3F12B806198172FF00D964E9 /* HTML Makr-Prefix.pch */ = {isa = PBXFileReference; lastKnownFileType = sourcecode.c.h; path = "HTML Makr-Prefix.pch"; sourceTree = "<group>"; };
		3F12B807198172FF00D964E9 /* AppDelegate.h */ = {isa = PBXFileReference; lastKnownFileType = sourcecode.c.h; path = AppDelegate.h; sourceTree = "<group>"; };
		3F12B808198172FF00D964E9 /* AppDelegate.m */ = {isa = PBXFileReference; lastKnownFileType = sourcecode.c.objc; path = AppDelegate.m; sourceTree = "<group>"; };
		3F12B80B198172FF00D964E9 /* Base */ = {isa = PBXFileReference; lastKnownFileType = file.storyboard; name = Base; path = Base.lproj/Main.storyboard; sourceTree = "<group>"; };
		3F12B80D198172FF00D964E9 /* ViewController.h */ = {isa = PBXFileReference; lastKnownFileType = sourcecode.c.h; path = ViewController.h; sourceTree = "<group>"; };
		3F12B80E198172FF00D964E9 /* ViewController.m */ = {isa = PBXFileReference; lastKnownFileType = sourcecode.c.objc; path = ViewController.m; sourceTree = "<group>"; };
		3F12B810198172FF00D964E9 /* Images.xcassets */ = {isa = PBXFileReference; lastKnownFileType = folder.assetcatalog; path = Images.xcassets; sourceTree = "<group>"; };
		3F12B816198172FF00D964E9 /* HTML MakrTests.xctest */ = {isa = PBXFileReference; explicitFileType = wrapper.cfbundle; includeInIndex = 0; path = "HTML MakrTests.xctest"; sourceTree = BUILT_PRODUCTS_DIR; };
		3F12B817198172FF00D964E9 /* XCTest.framework */ = {isa = PBXFileReference; lastKnownFileType = wrapper.framework; name = XCTest.framework; path = Library/Frameworks/XCTest.framework; sourceTree = DEVELOPER_DIR; };
		3F12B81F198172FF00D964E9 /* HTML MakrTests-Info.plist */ = {isa = PBXFileReference; lastKnownFileType = text.plist.xml; path = "HTML MakrTests-Info.plist"; sourceTree = "<group>"; };
		3F12B821198172FF00D964E9 /* en */ = {isa = PBXFileReference; lastKnownFileType = text.plist.strings; name = en; path = en.lproj/InfoPlist.strings; sourceTree = "<group>"; };
		3F12B823198172FF00D964E9 /* htmlreaderTests.m */ = {isa = PBXFileReference; lastKnownFileType = sourcecode.c.objc; path = htmlreaderTests.m; sourceTree = "<group>"; };
		3F12B82D19817A3300D964E9 /* htmlpage.h */ = {isa = PBXFileReference; fileEncoding = 4; lastKnownFileType = sourcecode.c.h; path = htmlpage.h; sourceTree = "<group>"; };
		3F12B82E19817A3300D964E9 /* htmlpage.m */ = {isa = PBXFileReference; fileEncoding = 4; lastKnownFileType = sourcecode.c.objc; path = htmlpage.m; sourceTree = "<group>"; };
		3FDF0D401982AE0500ECDCB9 /* htmlicon.png */ = {isa = PBXFileReference; lastKnownFileType = image.png; path = htmlicon.png; sourceTree = "<group>"; };
		3FDF0D421982B39800ECDCB9 /* htmlicon2.png */ = {isa = PBXFileReference; lastKnownFileType = image.png; path = htmlicon2.png; sourceTree = "<group>"; };
		889FB3A8198AF71600D9EAFB /* delete.png */ = {isa = PBXFileReference; lastKnownFileType = image.png; path = delete.png; sourceTree = "<group>"; };
		D954AE511A2047EB00ACA3C6 /* Global.h */ = {isa = PBXFileReference; fileEncoding = 4; lastKnownFileType = sourcecode.c.h; path = Global.h; sourceTree = "<group>"; };
		D954AE521A2047EB00ACA3C6 /* Global.m */ = {isa = PBXFileReference; fileEncoding = 4; lastKnownFileType = sourcecode.c.objc; path = Global.m; sourceTree = "<group>"; };
		D954AE561A20489C00ACA3C6 /* tableCell.xib */ = {isa = PBXFileReference; fileEncoding = 4; lastKnownFileType = file.xib; name = tableCell.xib; path = ../tableCell.xib; sourceTree = "<group>"; };
		D954AE581A20493E00ACA3C6 /* ViewController2.h */ = {isa = PBXFileReference; fileEncoding = 4; lastKnownFileType = sourcecode.c.h; path = ViewController2.h; sourceTree = "<group>"; };
		D954AE591A20493E00ACA3C6 /* ViewController2.m */ = {isa = PBXFileReference; fileEncoding = 4; lastKnownFileType = sourcecode.c.objc; path = ViewController2.m; sourceTree = "<group>"; };
		D954AE5B1A2049A700ACA3C6 /* TableViewCell.h */ = {isa = PBXFileReference; fileEncoding = 4; lastKnownFileType = sourcecode.c.h; path = TableViewCell.h; sourceTree = "<group>"; };
		D954AE5C1A2049A700ACA3C6 /* TableViewCell.m */ = {isa = PBXFileReference; fileEncoding = 4; lastKnownFileType = sourcecode.c.objc; path = TableViewCell.m; sourceTree = "<group>"; };
		D95EAFF019D5163200DDB648 /* Default-568h@2x.png */ = {isa = PBXFileReference; lastKnownFileType = image.png; path = "Default-568h@2x.png"; sourceTree = "<group>"; };
		D9868F551A04B63100FB7A28 /* Images.xcassets */ = {isa = PBXFileReference; lastKnownFileType = folder.assetcatalog; name = Images.xcassets; path = "HTML Makr/Images.xcassets"; sourceTree = "<group>"; };
		D9868F571A05ADA500FB7A28 /* Social.framework */ = {isa = PBXFileReference; lastKnownFileType = wrapper.framework; name = Social.framework; path = System/Library/Frameworks/Social.framework; sourceTree = SDKROOT; };
		D9B78C2219B562FA005DEFB1 /* iAd.framework */ = {isa = PBXFileReference; lastKnownFileType = wrapper.framework; name = iAd.framework; path = System/Library/Frameworks/iAd.framework; sourceTree = SDKROOT; };
/* End PBXFileReference section */

/* Begin PBXFrameworksBuildPhase section */
		3F12B7F2198172FF00D964E9 /* Frameworks */ = {
			isa = PBXFrameworksBuildPhase;
			buildActionMask = 2147483647;
			files = (
				D9868F581A05ADA500FB7A28 /* Social.framework in Frameworks */,
				D9B78C2319B562FA005DEFB1 /* iAd.framework in Frameworks */,
				3F12B7FB198172FF00D964E9 /* CoreGraphics.framework in Frameworks */,
				3F12B7FD198172FF00D964E9 /* UIKit.framework in Frameworks */,
				3F12B7F9198172FF00D964E9 /* Foundation.framework in Frameworks */,
			);
			runOnlyForDeploymentPostprocessing = 0;
		};
		3F12B813198172FF00D964E9 /* Frameworks */ = {
			isa = PBXFrameworksBuildPhase;
			buildActionMask = 2147483647;
			files = (
				3F12B818198172FF00D964E9 /* XCTest.framework in Frameworks */,
				3F12B81A198172FF00D964E9 /* UIKit.framework in Frameworks */,
				3F12B819198172FF00D964E9 /* Foundation.framework in Frameworks */,
			);
			runOnlyForDeploymentPostprocessing = 0;
		};
/* End PBXFrameworksBuildPhase section */

/* Begin PBXGroup section */
		3F12B7EC198172FF00D964E9 = {
			isa = PBXGroup;
			children = (
				D9868F551A04B63100FB7A28 /* Images.xcassets */,
				D95EAFF019D5163200DDB648 /* Default-568h@2x.png */,
				3F12B7FE198172FF00D964E9 /* htmlreader */,
				3F12B81D198172FF00D964E9 /* htmlreaderTests */,
				3F12B7F7198172FF00D964E9 /* Frameworks */,
				3F12B7F6198172FF00D964E9 /* Products */,
			);
			sourceTree = "<group>";
		};
		3F12B7F6198172FF00D964E9 /* Products */ = {
			isa = PBXGroup;
			children = (
				3F12B7F5198172FF00D964E9 /* HTML Makr.app */,
				3F12B816198172FF00D964E9 /* HTML MakrTests.xctest */,
			);
			name = Products;
			sourceTree = "<group>";
		};
		3F12B7F7198172FF00D964E9 /* Frameworks */ = {
			isa = PBXGroup;
			children = (
				D9868F571A05ADA500FB7A28 /* Social.framework */,
				D9B78C2219B562FA005DEFB1 /* iAd.framework */,
				3F12B7F8198172FF00D964E9 /* Foundation.framework */,
				3F12B7FA198172FF00D964E9 /* CoreGraphics.framework */,
				3F12B7FC198172FF00D964E9 /* UIKit.framework */,
				3F12B817198172FF00D964E9 /* XCTest.framework */,
			);
			name = Frameworks;
			sourceTree = "<group>";
		};
		3F12B7FE198172FF00D964E9 /* htmlreader */ = {
			isa = PBXGroup;
			children = (
				3FDF0D3F1982ADE600ECDCB9 /* materials */,
				3F12B807198172FF00D964E9 /* AppDelegate.h */,
				3F12B808198172FF00D964E9 /* AppDelegate.m */,
				3F12B80A198172FF00D964E9 /* Main.storyboard */,
				D954AE561A20489C00ACA3C6 /* tableCell.xib */,
				D954AE511A2047EB00ACA3C6 /* Global.h */,
				D954AE521A2047EB00ACA3C6 /* Global.m */,
				D954AE581A20493E00ACA3C6 /* ViewController2.h */,
				D954AE591A20493E00ACA3C6 /* ViewController2.m */,
				D954AE5B1A2049A700ACA3C6 /* TableViewCell.h */,
				D954AE5C1A2049A700ACA3C6 /* TableViewCell.m */,
				3F12B80D198172FF00D964E9 /* ViewController.h */,
				3F12B80E198172FF00D964E9 /* ViewController.m */,
				3F12B82D19817A3300D964E9 /* htmlpage.h */,
				3F12B82E19817A3300D964E9 /* htmlpage.m */,
				3F12B810198172FF00D964E9 /* Images.xcassets */,
				3F12B7FF198172FF00D964E9 /* Supporting Files */,
			);
			path = htmlreader;
			sourceTree = "<group>";
		};
		3F12B7FF198172FF00D964E9 /* Supporting Files */ = {
			isa = PBXGroup;
			children = (
				3F12B800198172FF00D964E9 /* HTML Makr-Info.plist */,
				3F12B801198172FF00D964E9 /* InfoPlist.strings */,
				3F12B804198172FF00D964E9 /* main.m */,
				3F12B806198172FF00D964E9 /* HTML Makr-Prefix.pch */,
			);
			name = "Supporting Files";
			sourceTree = "<group>";
		};
		3F12B81D198172FF00D964E9 /* htmlreaderTests */ = {
			isa = PBXGroup;
			children = (
				3F12B823198172FF00D964E9 /* htmlreaderTests.m */,
				3F12B81E198172FF00D964E9 /* Supporting Files */,
			);
			path = htmlreaderTests;
			sourceTree = "<group>";
		};
		3F12B81E198172FF00D964E9 /* Supporting Files */ = {
			isa = PBXGroup;
			children = (
				3F12B81F198172FF00D964E9 /* HTML MakrTests-Info.plist */,
				3F12B820198172FF00D964E9 /* InfoPlist.strings */,
			);
			name = "Supporting Files";
			sourceTree = "<group>";
		};
		3FDF0D3F1982ADE600ECDCB9 /* materials */ = {
			isa = PBXGroup;
			children = (
				889FB3A8198AF71600D9EAFB /* delete.png */,
				3FDF0D421982B39800ECDCB9 /* htmlicon2.png */,
				3FDF0D401982AE0500ECDCB9 /* htmlicon.png */,
			);
			name = materials;
			sourceTree = "<group>";
		};
/* End PBXGroup section */

/* Begin PBXNativeTarget section */
		3F12B7F4198172FF00D964E9 /* HTML Makr */ = {
			isa = PBXNativeTarget;
			buildConfigurationList = 3F12B827198172FF00D964E9 /* Build configuration list for PBXNativeTarget "HTML Makr" */;
			buildPhases = (
				3F12B7F1198172FF00D964E9 /* Sources */,
				3F12B7F2198172FF00D964E9 /* Frameworks */,
				3F12B7F3198172FF00D964E9 /* Resources */,
			);
			buildRules = (
			);
			dependencies = (
			);
			name = "HTML Makr";
			productName = htmlreader;
			productReference = 3F12B7F5198172FF00D964E9 /* HTML Makr.app */;
			productType = "com.apple.product-type.application";
		};
		3F12B815198172FF00D964E9 /* HTML MakrTests */ = {
			isa = PBXNativeTarget;
			buildConfigurationList = 3F12B82A198172FF00D964E9 /* Build configuration list for PBXNativeTarget "HTML MakrTests" */;
			buildPhases = (
				3F12B812198172FF00D964E9 /* Sources */,
				3F12B813198172FF00D964E9 /* Frameworks */,
				3F12B814198172FF00D964E9 /* Resources */,
			);
			buildRules = (
			);
			dependencies = (
				3F12B81C198172FF00D964E9 /* PBXTargetDependency */,
			);
			name = "HTML MakrTests";
			productName = htmlreaderTests;
			productReference = 3F12B816198172FF00D964E9 /* HTML MakrTests.xctest */;
			productType = "com.apple.product-type.bundle.unit-test";
		};
/* End PBXNativeTarget section */

/* Begin PBXProject section */
		3F12B7ED198172FF00D964E9 /* Project object */ = {
			isa = PBXProject;
			attributes = {
				LastUpgradeCheck = 0510;
				ORGANIZATIONNAME = Ilya;
				TargetAttributes = {
					3F12B7F4198172FF00D964E9 = {
						DevelopmentTeam = 4KUW5736FV;
					};
					3F12B815198172FF00D964E9 = {
						TestTargetID = 3F12B7F4198172FF00D964E9;
					};
				};
			};
			buildConfigurationList = 3F12B7F0198172FF00D964E9 /* Build configuration list for PBXProject "HTML Makr" */;
			compatibilityVersion = "Xcode 3.2";
			developmentRegion = English;
			hasScannedForEncodings = 0;
			knownRegions = (
				en,
				Base,
			);
			mainGroup = 3F12B7EC198172FF00D964E9;
			productRefGroup = 3F12B7F6198172FF00D964E9 /* Products */;
			projectDirPath = "";
			projectRoot = "";
			targets = (
				3F12B7F4198172FF00D964E9 /* HTML Makr */,
				3F12B815198172FF00D964E9 /* HTML MakrTests */,
			);
		};
/* End PBXProject section */

/* Begin PBXResourcesBuildPhase section */
		3F12B7F3198172FF00D964E9 /* Resources */ = {
			isa = PBXResourcesBuildPhase;
			buildActionMask = 2147483647;
			files = (
				889FB3A9198AF71600D9EAFB /* delete.png in Resources */,
				D9868F561A04B63100FB7A28 /* Images.xcassets in Resources */,
				3F12B811198172FF00D964E9 /* Images.xcassets in Resources */,
				3FDF0D411982AE0500ECDCB9 /* htmlicon.png in Resources */,
				3F12B803198172FF00D964E9 /* InfoPlist.strings in Resources */,
				3FDF0D431982B39800ECDCB9 /* htmlicon2.png in Resources */,
				D954AE571A20489C00ACA3C6 /* tableCell.xib in Resources */,
				D95EAFF119D5163300DDB648 /* Default-568h@2x.png in Resources */,
				3F12B80C198172FF00D964E9 /* Main.storyboard in Resources */,
			);
			runOnlyForDeploymentPostprocessing = 0;
		};
		3F12B814198172FF00D964E9 /* Resources */ = {
			isa = PBXResourcesBuildPhase;
			buildActionMask = 2147483647;
			files = (
				3F12B822198172FF00D964E9 /* InfoPlist.strings in Resources */,
			);
			runOnlyForDeploymentPostprocessing = 0;
		};
/* End PBXResourcesBuildPhase section */

/* Begin PBXSourcesBuildPhase section */
		3F12B7F1198172FF00D964E9 /* Sources */ = {
			isa = PBXSourcesBuildPhase;
			buildActionMask = 2147483647;
			files = (
				3F12B80F198172FF00D964E9 /* ViewController.m in Sources */,
				3F12B809198172FF00D964E9 /* AppDelegate.m in Sources */,
				D954AE5D1A2049A800ACA3C6 /* TableViewCell.m in Sources */,
				D954AE5A1A20493E00ACA3C6 /* ViewController2.m in Sources */,
				3F12B805198172FF00D964E9 /* main.m in Sources */,
				3F12B82F19817A3300D964E9 /* htmlpage.m in Sources */,
				D954AE531A2047EB00ACA3C6 /* Global.m in Sources */,
			);
			runOnlyForDeploymentPostprocessing = 0;
		};
		3F12B812198172FF00D964E9 /* Sources */ = {
			isa = PBXSourcesBuildPhase;
			buildActionMask = 2147483647;
			files = (
				3F12B824198172FF00D964E9 /* htmlreaderTests.m in Sources */,
			);
			runOnlyForDeploymentPostprocessing = 0;
		};
/* End PBXSourcesBuildPhase section */

/* Begin PBXTargetDependency section */
		3F12B81C198172FF00D964E9 /* PBXTargetDependency */ = {
			isa = PBXTargetDependency;
			target = 3F12B7F4198172FF00D964E9 /* HTML Makr */;
			targetProxy = 3F12B81B198172FF00D964E9 /* PBXContainerItemProxy */;
		};
/* End PBXTargetDependency section */

/* Begin PBXVariantGroup section */
		3F12B801198172FF00D964E9 /* InfoPlist.strings */ = {
			isa = PBXVariantGroup;
			children = (
				3F12B802198172FF00D964E9 /* en */,
			);
			name = InfoPlist.strings;
			sourceTree = "<group>";
		};
		3F12B80A198172FF00D964E9 /* Main.storyboard */ = {
			isa = PBXVariantGroup;
			children = (
				3F12B80B198172FF00D964E9 /* Base */,
			);
			name = Main.storyboard;
			sourceTree = "<group>";
		};
		3F12B820198172FF00D964E9 /* InfoPlist.strings */ = {
			isa = PBXVariantGroup;
			children = (
				3F12B821198172FF00D964E9 /* en */,
			);
			name = InfoPlist.strings;
			sourceTree = "<group>";
		};
/* End PBXVariantGroup section */

/* Begin XCBuildConfiguration section */
		3F12B825198172FF00D964E9 /* Debug */ = {
			isa = XCBuildConfiguration;
			buildSettings = {
				ALWAYS_SEARCH_USER_PATHS = NO;
				CLANG_CXX_LANGUAGE_STANDARD = "gnu++0x";
				CLANG_CXX_LIBRARY = "libc++";
				CLANG_ENABLE_MODULES = YES;
				CLANG_ENABLE_OBJC_ARC = YES;
				CLANG_WARN_BOOL_CONVERSION = YES;
				CLANG_WARN_CONSTANT_CONVERSION = YES;
				CLANG_WARN_DIRECT_OBJC_ISA_USAGE = YES_ERROR;
				CLANG_WARN_EMPTY_BODY = YES;
				CLANG_WARN_ENUM_CONVERSION = YES;
				CLANG_WARN_INT_CONVERSION = YES;
				CLANG_WARN_OBJC_ROOT_CLASS = YES_ERROR;
				CLANG_WARN__DUPLICATE_METHOD_MATCH = YES;
				CODE_SIGN_IDENTITY = "iPhone Distribution: Leah Fine (4KUW5736FV)";
				"CODE_SIGN_IDENTITY[sdk=iphoneos*]" = "iPhone Distribution: Leah Fine (4KUW5736FV)";
				COPY_PHASE_STRIP = NO;
				GCC_C_LANGUAGE_STANDARD = gnu99;
				GCC_DYNAMIC_NO_PIC = NO;
				GCC_OPTIMIZATION_LEVEL = 0;
				GCC_PREPROCESSOR_DEFINITIONS = (
					"DEBUG=1",
					"$(inherited)",
				);
				GCC_SYMBOLS_PRIVATE_EXTERN = NO;
				GCC_WARN_64_TO_32_BIT_CONVERSION = YES;
				GCC_WARN_ABOUT_RETURN_TYPE = YES_ERROR;
				GCC_WARN_UNDECLARED_SELECTOR = YES;
				GCC_WARN_UNINITIALIZED_AUTOS = YES_AGGRESSIVE;
				GCC_WARN_UNUSED_FUNCTION = YES;
				GCC_WARN_UNUSED_VARIABLE = YES;
				IPHONEOS_DEPLOYMENT_TARGET = 7.1;
				ONLY_ACTIVE_ARCH = YES;
				PROVISIONING_PROFILE = "92bc45e8-2de1-4c29-a8e4-e36c4c16ae9a";
				SDKROOT = iphoneos;
			};
			name = Debug;
		};
		3F12B826198172FF00D964E9 /* Release */ = {
			isa = XCBuildConfiguration;
			buildSettings = {
				ALWAYS_SEARCH_USER_PATHS = NO;
				CLANG_CXX_LANGUAGE_STANDARD = "gnu++0x";
				CLANG_CXX_LIBRARY = "libc++";
				CLANG_ENABLE_MODULES = YES;
				CLANG_ENABLE_OBJC_ARC = YES;
				CLANG_WARN_BOOL_CONVERSION = YES;
				CLANG_WARN_CONSTANT_CONVERSION = YES;
				CLANG_WARN_DIRECT_OBJC_ISA_USAGE = YES_ERROR;
				CLANG_WARN_EMPTY_BODY = YES;
				CLANG_WARN_ENUM_CONVERSION = YES;
				CLANG_WARN_INT_CONVERSION = YES;
				CLANG_WARN_OBJC_ROOT_CLASS = YES_ERROR;
				CLANG_WARN__DUPLICATE_METHOD_MATCH = YES;
				CODE_SIGN_IDENTITY = "iPhone Distribution: Leah Fine (4KUW5736FV)";
				"CODE_SIGN_IDENTITY[sdk=iphoneos*]" = "iPhone Distribution: Leah Fine (4KUW5736FV)";
				COPY_PHASE_STRIP = YES;
				ENABLE_NS_ASSERTIONS = NO;
				GCC_C_LANGUAGE_STANDARD = gnu99;
				GCC_WARN_64_TO_32_BIT_CONVERSION = YES;
				GCC_WARN_ABOUT_RETURN_TYPE = YES_ERROR;
				GCC_WARN_UNDECLARED_SELECTOR = YES;
				GCC_WARN_UNINITIALIZED_AUTOS = YES_AGGRESSIVE;
				GCC_WARN_UNUSED_FUNCTION = YES;
				GCC_WARN_UNUSED_VARIABLE = YES;
				IPHONEOS_DEPLOYMENT_TARGET = 7.1;
				PROVISIONING_PROFILE = "92bc45e8-2de1-4c29-a8e4-e36c4c16ae9a";
				SDKROOT = iphoneos;
				VALIDATE_PRODUCT = YES;
			};
			name = Release;
		};
		3F12B828198172FF00D964E9 /* Debug */ = {
			isa = XCBuildConfiguration;
			buildSettings = {
				ASSETCATALOG_COMPILER_APPICON_NAME = AppIcon;
				ASSETCATALOG_COMPILER_LAUNCHIMAGE_NAME = LaunchImage;
				CODE_SIGN_IDENTITY = "iPhone Distribution: Leah Fine (4KUW5736FV)";
				"CODE_SIGN_IDENTITY[sdk=iphoneos*]" = "iPhone Distribution: Leah Fine (4KUW5736FV)";
				GCC_PRECOMPILE_PREFIX_HEADER = YES;
				GCC_PREFIX_HEADER = "htmlreader/HTML Makr-Prefix.pch";
				INFOPLIST_FILE = "htmlreader/HTML Makr-Info.plist";
				IPHONEOS_DEPLOYMENT_TARGET = 7.0;
				PRODUCT_NAME = "HTML Makr";
				PROVISIONING_PROFILE = "92bc45e8-2de1-4c29-a8e4-e36c4c16ae9a";
				TARGETED_DEVICE_FAMILY = 1;
				WRAPPER_EXTENSION = app;
			};
			name = Debug;
		};
		3F12B829198172FF00D964E9 /* Release */ = {
			isa = XCBuildConfiguration;
			buildSettings = {
				ASSETCATALOG_COMPILER_APPICON_NAME = AppIcon;
				ASSETCATALOG_COMPILER_LAUNCHIMAGE_NAME = LaunchImage;
				CODE_SIGN_IDENTITY = "iPhone Distribution: Leah Fine (4KUW5736FV)";
				"CODE_SIGN_IDENTITY[sdk=iphoneos*]" = "iPhone Distribution: Leah Fine (4KUW5736FV)";
				GCC_PRECOMPILE_PREFIX_HEADER = YES;
				GCC_PREFIX_HEADER = "htmlreader/HTML Makr-Prefix.pch";
				INFOPLIST_FILE = "htmlreader/HTML Makr-Info.plist";
				IPHONEOS_DEPLOYMENT_TARGET = 7.0;
				PRODUCT_NAME = "HTML Makr";
				PROVISIONING_PROFILE = "92bc45e8-2de1-4c29-a8e4-e36c4c16ae9a";
				TARGETED_DEVICE_FAMILY = 1;
				WRAPPER_EXTENSION = app;
			};
			name = Release;
		};
		3F12B82B198172FF00D964E9 /* Debug */ = {
			isa = XCBuildConfiguration;
			buildSettings = {
				BUNDLE_LOADER = "$(BUILT_PRODUCTS_DIR)/htmlreader.app/htmlreader";
				FRAMEWORK_SEARCH_PATHS = (
					"$(SDKROOT)/Developer/Library/Frameworks",
					"$(inherited)",
					"$(DEVELOPER_FRAMEWORKS_DIR)",
				);
				GCC_PRECOMPILE_PREFIX_HEADER = YES;
				GCC_PREFIX_HEADER = "htmlreader/htmlreader-Prefix.pch";
				GCC_PREPROCESSOR_DEFINITIONS = (
					"DEBUG=1",
					"$(inherited)",
				);
				INFOPLIST_FILE = "htmlreaderTests/HTML MakrTests-Info.plist";
				PRODUCT_NAME = "HTML MakrTests";
				TEST_HOST = "$(BUNDLE_LOADER)";
				WRAPPER_EXTENSION = xctest;
			};
			name = Debug;
		};
		3F12B82C198172FF00D964E9 /* Release */ = {
			isa = XCBuildConfiguration;
			buildSettings = {
				BUNDLE_LOADER = "$(BUILT_PRODUCTS_DIR)/htmlreader.app/htmlreader";
				FRAMEWORK_SEARCH_PATHS = (
					"$(SDKROOT)/Developer/Library/Frameworks",
					"$(inherited)",
					"$(DEVELOPER_FRAMEWORKS_DIR)",
				);
				GCC_PRECOMPILE_PREFIX_HEADER = YES;
				GCC_PREFIX_HEADER = "htmlreader/htmlreader-Prefix.pch";
				INFOPLIST_FILE = "htmlreaderTests/HTML MakrTests-Info.plist";
				PRODUCT_NAME = "HTML MakrTests";
				TEST_HOST = "$(BUNDLE_LOADER)";
				WRAPPER_EXTENSION = xctest;
			};
			name = Release;
		};
		D95EAFF219D51C3D00DDB648 /* Distribution */ = {
			isa = XCBuildConfiguration;
			buildSettings = {
				ALWAYS_SEARCH_USER_PATHS = NO;
				CLANG_CXX_LANGUAGE_STANDARD = "gnu++0x";
				CLANG_CXX_LIBRARY = "libc++";
				CLANG_ENABLE_MODULES = YES;
				CLANG_ENABLE_OBJC_ARC = YES;
				CLANG_WARN_BOOL_CONVERSION = YES;
				CLANG_WARN_CONSTANT_CONVERSION = YES;
				CLANG_WARN_DIRECT_OBJC_ISA_USAGE = YES_ERROR;
				CLANG_WARN_EMPTY_BODY = YES;
				CLANG_WARN_ENUM_CONVERSION = YES;
				CLANG_WARN_INT_CONVERSION = YES;
				CLANG_WARN_OBJC_ROOT_CLASS = YES_ERROR;
				CLANG_WARN__DUPLICATE_METHOD_MATCH = YES;
				CODE_SIGN_IDENTITY = "iPhone Distribution: Leah Fine (4KUW5736FV)";
				"CODE_SIGN_IDENTITY[sdk=iphoneos*]" = "iPhone Distribution: Leah Fine (4KUW5736FV)";
				COPY_PHASE_STRIP = YES;
				ENABLE_NS_ASSERTIONS = NO;
				GCC_C_LANGUAGE_STANDARD = gnu99;
				GCC_WARN_64_TO_32_BIT_CONVERSION = YES;
				GCC_WARN_ABOUT_RETURN_TYPE = YES_ERROR;
				GCC_WARN_UNDECLARED_SELECTOR = YES;
				GCC_WARN_UNINITIALIZED_AUTOS = YES_AGGRESSIVE;
				GCC_WARN_UNUSED_FUNCTION = YES;
				GCC_WARN_UNUSED_VARIABLE = YES;
				IPHONEOS_DEPLOYMENT_TARGET = 7.1;
				PROVISIONING_PROFILE = "92bc45e8-2de1-4c29-a8e4-e36c4c16ae9a";
				SDKROOT = iphoneos;
				VALIDATE_PRODUCT = YES;
			};
			name = Distribution;
		};
		D95EAFF319D51C3D00DDB648 /* Distribution */ = {
			isa = XCBuildConfiguration;
			buildSettings = {
				ASSETCATALOG_COMPILER_APPICON_NAME = AppIcon;
				ASSETCATALOG_COMPILER_LAUNCHIMAGE_NAME = LaunchImage;
				CODE_SIGN_IDENTITY = "iPhone Distribution: Leah Fine (4KUW5736FV)";
				"CODE_SIGN_IDENTITY[sdk=iphoneos*]" = "iPhone Distribution: Leah Fine (4KUW5736FV)";
				GCC_PRECOMPILE_PREFIX_HEADER = YES;
				GCC_PREFIX_HEADER = "htmlreader/HTML Makr-Prefix.pch";
				INFOPLIST_FILE = "htmlreader/HTML Makr-Info.plist";
				IPHONEOS_DEPLOYMENT_TARGET = 7.0;
				PRODUCT_NAME = "HTML Makr";
				PROVISIONING_PROFILE = "92bc45e8-2de1-4c29-a8e4-e36c4c16ae9a";
				TARGETED_DEVICE_FAMILY = 1;
				WRAPPER_EXTENSION = app;
			};
			name = Distribution;
		};
		D95EAFF419D51C3D00DDB648 /* Distribution */ = {
			isa = XCBuildConfiguration;
			buildSettings = {
				BUNDLE_LOADER = "$(BUILT_PRODUCTS_DIR)/htmlreader.app/htmlreader";
				FRAMEWORK_SEARCH_PATHS = (
					"$(SDKROOT)/Developer/Library/Frameworks",
					"$(inherited)",
					"$(DEVELOPER_FRAMEWORKS_DIR)",
				);
				GCC_PRECOMPILE_PREFIX_HEADER = YES;
				GCC_PREFIX_HEADER = "htmlreader/htmlreader-Prefix.pch";
				INFOPLIST_FILE = "htmlreaderTests/HTML MakrTests-Info.plist";
				PRODUCT_NAME = "HTML MakrTests";
				TEST_HOST = "$(BUNDLE_LOADER)";
				WRAPPER_EXTENSION = xctest;
			};
			name = Distribution;
		};
/* End XCBuildConfiguration section */

/* Begin XCConfigurationList section */
		3F12B7F0198172FF00D964E9 /* Build configuration list for PBXProject "HTML Makr" */ = {
			isa = XCConfigurationList;
			buildConfigurations = (
				3F12B825198172FF00D964E9 /* Debug */,
				3F12B826198172FF00D964E9 /* Release */,
				D95EAFF219D51C3D00DDB648 /* Distribution */,
			);
			defaultConfigurationIsVisible = 0;
			defaultConfigurationName = Release;
		};
		3F12B827198172FF00D964E9 /* Build configuration list for PBXNativeTarget "HTML Makr" */ = {
			isa = XCConfigurationList;
			buildConfigurations = (
				3F12B828198172FF00D964E9 /* Debug */,
				3F12B829198172FF00D964E9 /* Release */,
				D95EAFF319D51C3D00DDB648 /* Distribution */,
			);
			defaultConfigurationIsVisible = 0;
			defaultConfigurationName = Release;
		};
		3F12B82A198172FF00D964E9 /* Build configuration list for PBXNativeTarget "HTML MakrTests" */ = {
			isa = XCConfigurationList;
			buildConfigurations = (
				3F12B82B198172FF00D964E9 /* Debug */,
				3F12B82C198172FF00D964E9 /* Release */,
				D95EAFF419D51C3D00DDB648 /* Distribution */,
			);
			defaultConfigurationIsVisible = 0;
			defaultConfigurationName = Release;
		};
/* End XCConfigurationList section */
	};
	rootObject = 3F12B7ED198172FF00D964E9 /* Project object */;
}
